<?xml version="1.0" encoding="utf-8"?>
<Project ToolsVersion="4.0" xmlns="http://schemas.microsoft.com/developer/msbuild/2003">
  <ItemGroup>
    <Filter Include="源文件">
      <UniqueIdentifier>{4FC737F1-C7A5-4376-A066-2A32D752A2FF}</UniqueIdentifier>
      <Extensions>cpp;c;cc;cxx;def;odl;idl;hpj;bat;asm;asmx</Extensions>
    </Filter>
    <Filter Include="头文件">
      <UniqueIdentifier>{93995380-89BD-4b04-88EB-625FBE52EBFB}</UniqueIdentifier>
      <Extensions>h;hh;hpp;hxx;hm;inl;inc;ipp;xsd</Extensions>
    </Filter>
    <Filter Include="资源文件">
      <UniqueIdentifier>{67DA6AB6-F800-4c08-8B7A-83BB121AAD01}</UniqueIdentifier>
      <Extensions>rc;ico;cur;bmp;dlg;rc2;rct;bin;rgs;gif;jpg;jpeg;jpe;resx;tiff;tif;png;wav;mfcribbon-ms</Extensions>
    </Filter>
  </ItemGroup>
  <ItemGroup>
    <ClCompile Include="glad.c">
      <Filter>源文件</Filter>
    </ClCompile>
    <ClCompile Include="Camera.cpp">
      <Filter>源文件</Filter>
    </ClCompile>
    <ClCompile Include="Component.cpp">
      <Filter>源文件</Filter>
    </ClCompile>
    <ClCompile Include="ComponentFactory.cpp">
      <Filter>源文件</Filter>
    </ClCompile>
    <ClCompile Include="ComponentManager.cpp">
      <Filter>源文件</Filter>
    </ClCompile>
    <ClCompile Include="Cubemap.cpp">
      <Filter>源文件</Filter>
    </ClCompile>
    <ClCompile Include="FrameBuffer.cpp">
      <Filter>源文件</Filter>
    </ClCompile>
    <ClCompile Include="Light.cpp">
      <Filter>源文件</Filter>
    </ClCompile>
    <ClCompile Include="LightManager.cpp">
      <Filter>源文件</Filter>
    </ClCompile>
    <ClCompile Include="LoadManager.cpp">
      <Filter>源文件</Filter>
    </ClCompile>
    <ClCompile Include="main.cpp">
      <Filter>源文件</Filter>
    </ClCompile>
    <ClCompile Include="Material.cpp">
      <Filter>源文件</Filter>
    </ClCompile>
    <ClCompile Include="Mesh.cpp">
      <Filter>源文件</Filter>
    </ClCompile>
    <ClCompile Include="MeshFilter.cpp">
      <Filter>源文件</Filter>
    </ClCompile>
    <ClCompile Include="MeshLoader.cpp">
      <Filter>源文件</Filter>
    </ClCompile>
    <ClCompile Include="MeshRenderer.cpp">
      <Filter>源文件</Filter>
    </ClCompile>
    <ClCompile Include="MultisampleFrameBuffer.cpp">
      <Filter>源文件</Filter>
    </ClCompile>
    <ClCompile Include="MultisampleTexture.cpp">
      <Filter>源文件</Filter>
    </ClCompile>
    <ClCompile Include="Object.cpp">
      <Filter>源文件</Filter>
    </ClCompile>
    <ClCompile Include="ObjectBuilder.cpp">
      <Filter>源文件</Filter>
    </ClCompile>
    <ClCompile Include="ObjectManager.cpp">
      <Filter>源文件</Filter>
    </ClCompile>
    <ClCompile Include="Point.cpp">
      <Filter>源文件</Filter>
    </ClCompile>
    <ClCompile Include="PointMap.cpp">
      <Filter>源文件</Filter>
    </ClCompile>
    <ClCompile Include="PointMapLoader.cpp">
      <Filter>源文件</Filter>
    </ClCompile>
    <ClCompile Include="RenderManager.cpp">
      <Filter>源文件</Filter>
    </ClCompile>
    <ClCompile Include="RenderPipeline.cpp">
      <Filter>源文件</Filter>
    </ClCompile>
    <ClCompile Include="RenderStage.cpp">
      <Filter>源文件</Filter>
    </ClCompile>
    <ClCompile Include="Shader.cpp">
      <Filter>源文件</Filter>
    </ClCompile>
    <ClCompile Include="stb_image.cpp">
      <Filter>源文件</Filter>
    </ClCompile>
    <ClCompile Include="StringUtil.cpp">
      <Filter>源文件</Filter>
    </ClCompile>
    <ClCompile Include="SystemSettings.cpp">
      <Filter>源文件</Filter>
    </ClCompile>
    <ClCompile Include="Texture.cpp">
      <Filter>源文件</Filter>
    </ClCompile>
    <ClCompile Include="Transform.cpp">
      <Filter>源文件</Filter>
    </ClCompile>
    <ClCompile Include="Vertex.cpp">
      <Filter>源文件</Filter>
    </ClCompile>
    <ClCompile Include="ShadowMapRenderer.cpp">
      <Filter>源文件</Filter>
    </ClCompile>
    <ClCompile Include="ObjectController.cpp">
      <Filter>源文件</Filter>
    </ClCompile>
  </ItemGroup>
  <ItemGroup>
    <ClInclude Include="Camera.h">
      <Filter>源文件</Filter>
    </ClInclude>
    <ClInclude Include="Component.h">
      <Filter>源文件</Filter>
    </ClInclude>
    <ClInclude Include="ComponentFactory.h">
      <Filter>源文件</Filter>
    </ClInclude>
    <ClInclude Include="ComponentManager.h">
      <Filter>源文件</Filter>
    </ClInclude>
    <ClInclude Include="Cubemap.h">
      <Filter>源文件</Filter>
    </ClInclude>
    <ClInclude Include="FrameBuffer.h">
      <Filter>源文件</Filter>
    </ClInclude>
    <ClInclude Include="Geometry.h">
      <Filter>源文件</Filter>
    </ClInclude>
    <ClInclude Include="Light.h">
      <Filter>源文件</Filter>
    </ClInclude>
    <ClInclude Include="LightManager.h">
      <Filter>源文件</Filter>
    </ClInclude>
    <ClInclude Include="LoadManager.h">
      <Filter>源文件</Filter>
    </ClInclude>
    <ClInclude Include="MapUtil.h">
      <Filter>源文件</Filter>
    </ClInclude>
    <ClInclude Include="Material.h">
      <Filter>源文件</Filter>
    </ClInclude>
    <ClInclude Include="Mesh.h">
      <Filter>源文件</Filter>
    </ClInclude>
    <ClInclude Include="MeshFilter.h">
      <Filter>源文件</Filter>
    </ClInclude>
    <ClInclude Include="MeshLoader.h">
      <Filter>源文件</Filter>
    </ClInclude>
    <ClInclude Include="MeshRenderer.h">
      <Filter>源文件</Filter>
    </ClInclude>
    <ClInclude Include="MultisampleFrameBuffer.h">
      <Filter>源文件</Filter>
    </ClInclude>
    <ClInclude Include="MultisampleTexture.h">
      <Filter>源文件</Filter>
    </ClInclude>
    <ClInclude Include="Object.h">
      <Filter>源文件</Filter>
    </ClInclude>
    <ClInclude Include="ObjectBuilder.h">
      <Filter>源文件</Filter>
    </ClInclude>
    <ClInclude Include="ObjectManager.h">
      <Filter>源文件</Filter>
    </ClInclude>
    <ClInclude Include="Point.h">
      <Filter>源文件</Filter>
    </ClInclude>
    <ClInclude Include="PointMap.h">
      <Filter>源文件</Filter>
    </ClInclude>
    <ClInclude Include="PointMapLoader.h">
      <Filter>源文件</Filter>
    </ClInclude>
    <ClInclude Include="RenderManager.h">
      <Filter>源文件</Filter>
    </ClInclude>
    <ClInclude Include="RenderPipeline.h">
      <Filter>源文件</Filter>
    </ClInclude>
    <ClInclude Include="RenderStage.h">
      <Filter>源文件</Filter>
    </ClInclude>
    <ClInclude Include="Shader.h">
      <Filter>源文件</Filter>
    </ClInclude>
    <ClInclude Include="StringUtil.h">
      <Filter>源文件</Filter>
    </ClInclude>
    <ClInclude Include="SystemSettings.h">
      <Filter>源文件</Filter>
    </ClInclude>
    <ClInclude Include="Texture.h">
      <Filter>源文件</Filter>
    </ClInclude>
    <ClInclude Include="Transform.h">
      <Filter>源文件</Filter>
    </ClInclude>
    <ClInclude Include="Vertex.h">
      <Filter>源文件</Filter>
    </ClInclude>
    <ClInclude Include="ShadowMapRenderer.h">
      <Filter>源文件</Filter>
    </ClInclude>
    <ClInclude Include="ObjectController.h">
      <Filter>源文件</Filter>
    </ClInclude>
  </ItemGroup>
</Project>